{
  "object": {
    "pins": [
      {
        "package": "swiftui-introspect",
        "repositoryURL": "https://github.com/siteline/SwiftUI-Introspect.git",
        "state": {
          "branch": null,
          "revision": "3ba734dd20faada0e3234b68e78db97005315f0e",
          "version": "1.0.0"
        }
      }
    ]
  },
  "version": 1
}
