{
  "object": {
    "pins": [
      {
        "package": "swiftui-introspect",
        "repositoryURL": "https://github.com/siteline/SwiftUI-Introspect.git",
        "state": {
          "branch": null,
          "revision": "c2b0625d0ef385994e4c6bc36116c0e7bfa6dafa",
          "version": "1.4.0-beta.2"
        }
      }
    ]
  },
  "version": 1
}
