{
  "object": {
    "pins": [
      {
        "package": "swiftui-introspect",
        "repositoryURL": "https://github.com/siteline/SwiftUI-Introspect.git",
        "state": {
          "branch": null,
          "revision": "668a65735751432b640260c56dfa621cec568368",
          "version": "1.2.0"
        }
      }
    ]
  },
  "version": 1
}
